
Microsoft Visual Studio Solution File, Format Version 12.00
# Visual Studio Version 17
VisualStudioVersion = 17.7.34031.279
MinimumVisualStudioVersion = 10.0.40219.1
Project("{FAE04EC0-301F-11D3-BF4B-00C04F79EFBC}") = "hrsmedia_player", "hrsmedia_player\hrsmedia_player.csproj", "{1018CA88-F8B0-4D04-BC56-5E787863FEF3}"
EndProject
Global
	GlobalSection(SolutionConfigurationPlatforms) = preSolution
		Debug|Any CPU = Debug|Any CPU
		Release|Any CPU = Release|Any CPU
	EndGlobalSection
	GlobalSection(ProjectConfigurationPlatforms) = postSolution
		{1018CA88-F8B0-4D04-BC56-5E787863FEF3}.Debug|Any CPU.ActiveCfg = Debug|Any CPU
		{1018CA88-F8B0-4D04-BC56-5E787863FEF3}.Debug|Any CPU.Build.0 = Debug|Any CPU
		{1018CA88-F8B0-4D04-BC56-5E787863FEF3}.Release|Any CPU.ActiveCfg = Release|Any CPU
		{1018CA88-F8B0-4D04-BC56-5E787863FEF3}.Release|Any CPU.Build.0 = Release|Any CPU
	EndGlobalSection
	GlobalSection(SolutionProperties) = preSolution
		HideSolutionNode = FALSE
	EndGlobalSection
	GlobalSection(ExtensibilityGlobals) = postSolution
		SolutionGuid = {40F46031-27A4-48B2-AD03-F1B4AD45FE42}
	EndGlobalSection
EndGlobal
